V141_BACKPACK_MODEL_CHECKPOINT=model_22000
V141_BACKPACK_MODEL_FILENAME=model_22000.onnx
V141_BACKPACK_MODEL_SHA256=d79ccce759ede01f23fe49c1e7178c1e216ec754d33a9f05adadc72d86c45f9d
V141_BACKPACK_CONFIG_SHA256=f64f778aafa8951ea0bd3b3a49e11980206339801bf552158327a68a8deb194b
V141_BACKPACK_VELOCITY_MODEL_SHA256=574f729452d7a62a6a5cd5425d53bec96c297881a091f78777a0ab5ac7a71bd3
V141_BACKPACK_ROBOT_PROFILE=unitree-g1-mode15-normal-head-brainco
V141_BACKPACK_MASS_KG=3.2
